{
  "name": "TypeAI",
  "lockfileVersion": 3,
  "requires": true,
  "packages": {
    "": {
      "dependencies": {
        "typo-js": "^1.2.5"
      }
    },
    "node_modules/typo-js": {
      "version": "1.2.5",
      "resolved": "https://registry.npmjs.org/typo-js/-/typo-js-1.2.5.tgz",
      "integrity": "sha512-F45vFWdGX8xahIk/sOp79z2NJs8ETMYsmMChm9D5Hlx3+9j7VnCyQyvij5MOCrNY3NNe8noSyokRjQRfq+Bc7A==",
      "license": "BSD-3-Clause"
    }
  }
}
